github.com/dustinkirkland/golang-petname v0.0.0-20240428194347-eebcea082ee0 h1:aYo8nnk3ojoQkP5iErif5Xxv0Mo0Ga/FR5+ffl/7+Nk=
github.com/dustinkirkland/golang-petname v0.0.0-20240428194347-eebcea082ee0/go.mod h1:8AuBTZBRSFqEYBPYULd+NN474/zZBLP+6WeT5S9xlAc=
github.com/google/uuid v1.6.0 h1:NIvaJDMOsjHA8n1jAhLSgzrAzy1Hgr+hNrb57e+94F0=
github.com/google/uuid v1.6.0/go.mod h1:TIyPZe4MgqvfeYDBFedMoGGpEw/LqOeaOT+nhxU+yHo=
